<?xml version="1.0" encoding="utf-8"?>
<Project ToolsVersion="4.0" xmlns="http://schemas.microsoft.com/developer/msbuild/2003">
  <ItemGroup>
    <Filter Include="Source Files">
      <UniqueIdentifier>{4FC737F1-C7A5-4376-A066-2A32D752A2FF}</UniqueIdentifier>
      <Extensions>cpp;c;cc;cxx;def;odl;idl;hpj;bat;asm;asmx</Extensions>
    </Filter>
    <Filter Include="Header Files">
      <UniqueIdentifier>{93995380-89BD-4b04-88EB-625FBE52EBFB}</UniqueIdentifier>
      <Extensions>h;hh;hpp;hxx;hm;inl;inc;xsd</Extensions>
    </Filter>
    <Filter Include="Resource Files">
      <UniqueIdentifier>{67DA6AB6-F800-4c08-8B7A-83BB121AAD01}</UniqueIdentifier>
      <Extensions>rc;ico;cur;bmp;dlg;rc2;rct;bin;rgs;gif;jpg;jpeg;jpe;resx;tiff;tif;png;wav;mfcribbon-ms</Extensions>
    </Filter>
  </ItemGroup>
  <ItemGroup>
    <ClInclude Include="include/Animated.h">
      <Filter>Header Files</Filter>
    </ClInclude>
    <ClInclude Include="include/Animation.h">
      <Filter>Header Files</Filter>
    </ClInclude>
    <ClInclude Include="include/Axis2D.h">
      <Filter>Header Files</Filter>
    </ClInclude>
    <ClInclude Include="include/Box.h">
      <Filter>Header Files</Filter>
    </ClInclude>
    <ClInclude Include="include/Camera.h">
      <Filter>Header Files</Filter>
    </ClInclude>
    <ClInclude Include="include/CompilePrinter.h">
      <Filter>Header Files</Filter>
    </ClInclude>
    <ClInclude Include="include/Compound.h">
      <Filter>Header Files</Filter>
    </ClInclude>
    <ClInclude Include="include/Cone.h">
      <Filter>Header Files</Filter>
    </ClInclude>
    <ClInclude Include="include/Cylinder.h">
      <Filter>Header Files</Filter>
    </ClInclude>
    <ClInclude Include="include/FrameEnd.h">
      <Filter>Header Files</Filter>
    </ClInclude>
    <ClInclude Include="include/FrameFunction.h">
      <Filter>Header Files</Filter>
    </ClInclude>
    <ClInclude Include="include/Frame.h">
      <Filter>Header Files</Filter>
    </ClInclude>
    <ClInclude Include="include/Grid.h">
      <Filter>Header Files</Filter>
    </ClInclude>
    <ClInclude Include="include/IndentedStream.h">
      <Filter>Header Files</Filter>
    </ClInclude>
    <ClInclude Include="include/InterpolatedFrameFunction.h">
      <Filter>Header Files</Filter>
    </ClInclude>
    <ClInclude Include="include/Loft.h">
      <Filter>Header Files</Filter>
    </ClInclude>
    <ClInclude Include="include/matrices.h">
      <Filter>Header Files</Filter>
    </ClInclude>
    <ClInclude Include="include/Parser.h">
      <Filter>Header Files</Filter>
    </ClInclude>
    <ClInclude Include="include/PlanePoints.h">
      <Filter>Header Files</Filter>
    </ClInclude>
    <ClInclude Include="include/Point.h">
      <Filter>Header Files</Filter>
    </ClInclude>
    <ClInclude Include="include/Printable.h">
      <Filter>Header Files</Filter>
    </ClInclude>
    <ClInclude Include="include/Printer.h">
      <Filter>Header Files</Filter>
    </ClInclude>
    <ClInclude Include="include/Rotate.h">
      <Filter>Header Files</Filter>
    </ClInclude>
    <ClInclude Include="include/Scale.h">
      <Filter>Header Files</Filter>
    </ClInclude>
    <ClInclude Include="include/Shape.h">
      <Filter>Header Files</Filter>
    </ClInclude>
    <ClInclude Include="include/Solver.h">
      <Filter>Header Files</Filter>
    </ClInclude>
    <ClInclude Include="include/Sphere.h">
      <Filter>Header Files</Filter>
    </ClInclude>
    <ClInclude Include="include/Transformation.h">
      <Filter>Header Files</Filter>
    </ClInclude>
    <ClInclude Include="include/Translate.h">
      <Filter>Header Files</Filter>
    </ClInclude>
    <ClInclude Include="include/units.h">
      <Filter>Header Files</Filter>
    </ClInclude>
    <ClInclude Include="include/vectors.h">
      <Filter>Header Files</Filter>
    </ClInclude>
    <ClInclude Include="include/Workspace.h">
      <Filter>Header Files</Filter>
    </ClInclude>
    <ClInclude Include="include/WorkspacePrinter.h">
      <Filter>Header Files</Filter>
    </ClInclude>
  </ItemGroup>
  <ItemGroup>
    <ClCompile Include="src/Animation.cpp">
      <Filter>Source Files</Filter>
    </ClCompile>
    <ClCompile Include="src/Axis2D.cpp">
      <Filter>Source Files</Filter>
    </ClCompile>
    <ClCompile Include="src/Box.cpp">
      <Filter>Source Files</Filter>
    </ClCompile>
    <ClCompile Include="src/Camera.cpp">
      <Filter>Source Files</Filter>
    </ClCompile>
    <ClCompile Include="src/CompilePrinter.cpp">
      <Filter>Source Files</Filter>
    </ClCompile>
    <ClCompile Include="src/Compound.cpp">
      <Filter>Source Files</Filter>
    </ClCompile>
    <ClCompile Include="src/Cone.cpp">
      <Filter>Source Files</Filter>
    </ClCompile>
    <ClCompile Include="src/Cylinder.cpp">
      <Filter>Source Files</Filter>
    </ClCompile>
    <ClCompile Include="src/Frame.cpp">
      <Filter>Source Files</Filter>
    </ClCompile>
    <ClCompile Include="src/FrameEnd.cpp">
      <Filter>Source Files</Filter>
    </ClCompile>
    <ClCompile Include="src/FrameFunction.cpp">
      <Filter>Source Files</Filter>
    </ClCompile>
    <ClCompile Include="src/Grid.cpp">
      <Filter>Source Files</Filter>
    </ClCompile>
    <ClCompile Include="src/IndentedStream.cpp">
      <Filter>Source Files</Filter>
    </ClCompile>
    <ClCompile Include="src/InterpolatedFrameFunction.cpp">
      <Filter>Source Files</Filter>
    </ClCompile>
    <ClCompile Include="src/Loft.cpp">
      <Filter>Source Files</Filter>
    </ClCompile>
    <ClCompile Include="src/main.cpp">
      <Filter>Source Files</Filter>
    </ClCompile>
    <ClCompile Include="src/matrices.cpp">
      <Filter>Source Files</Filter>
    </ClCompile>
    <ClCompile Include="src/Parser.cpp">
      <Filter>Source Files</Filter>
    </ClCompile>
    <ClCompile Include="src/PlanePoints.cpp">
      <Filter>Source Files</Filter>
    </ClCompile>
    <ClCompile Include="src/Point.cpp">
      <Filter>Source Files</Filter>
    </ClCompile>
    <ClCompile Include="src/Printer.cpp">
      <Filter>Source Files</Filter>
    </ClCompile>
    <ClCompile Include="src/Rotate.cpp">
      <Filter>Source Files</Filter>
    </ClCompile>
    <ClCompile Include="src/Scale.cpp">
      <Filter>Source Files</Filter>
    </ClCompile>
    <ClCompile Include="src/Shape.cpp">
      <Filter>Source Files</Filter>
    </ClCompile>
    <ClCompile Include="src/Solver.cpp">
      <Filter>Source Files</Filter>
    </ClCompile>
    <ClCompile Include="src/Sphere.cpp">
      <Filter>Source Files</Filter>
    </ClCompile>
    <ClCompile Include="src/Transformation.cpp">
      <Filter>Source Files</Filter>
    </ClCompile>
    <ClCompile Include="src/Translate.cpp">
      <Filter>Source Files</Filter>
    </ClCompile>
    <ClCompile Include="src/vectors.cpp">
      <Filter>Source Files</Filter>
    </ClCompile>
    <ClCompile Include="src/Workspace.cpp">
      <Filter>Source Files</Filter>
    </ClCompile>
    <ClCompile Include="src/WorkspacePrinter.cpp">
      <Filter>Source Files</Filter>
    </ClCompile>
  </ItemGroup>
</Project>
